
Microsoft Visual Studio Solution File, Format Version 12.00
# Visual Studio Version 17
VisualStudioVersion = 17.12.35707.178
MinimumVisualStudioVersion = 10.0.40219.1
Project("{FAE04EC0-301F-11D3-BF4B-00C04F79EFBC}") = "Calculo.Cdb.App.Api", "backend\Calculo.Cdb.App.Api\Calculo.Cdb.App.Api.csproj", "{B8D35A22-57F2-4706-8237-04A0E23AA4C7}"
EndProject
Project("{FAE04EC0-301F-11D3-BF4B-00C04F79EFBC}") = "Calculo.Cdb.App.UnitTests", "backend\Calculo.Cdb.App.UnitTests\Calculo.Cdb.App.UnitTests.csproj", "{82B1B817-C9BA-4FF2-BB51-539600BB1B85}"
EndProject
Global
	GlobalSection(SolutionConfigurationPlatforms) = preSolution
		Debug|Any CPU = Debug|Any CPU
		Release|Any CPU = Release|Any CPU
	EndGlobalSection
	GlobalSection(ProjectConfigurationPlatforms) = postSolution
		{B8D35A22-57F2-4706-8237-04A0E23AA4C7}.Debug|Any CPU.ActiveCfg = Debug|Any CPU
		{B8D35A22-57F2-4706-8237-04A0E23AA4C7}.Debug|Any CPU.Build.0 = Debug|Any CPU
		{B8D35A22-57F2-4706-8237-04A0E23AA4C7}.Release|Any CPU.ActiveCfg = Release|Any CPU
		{B8D35A22-57F2-4706-8237-04A0E23AA4C7}.Release|Any CPU.Build.0 = Release|Any CPU
		{82B1B817-C9BA-4FF2-BB51-539600BB1B85}.Debug|Any CPU.ActiveCfg = Debug|Any CPU
		{82B1B817-C9BA-4FF2-BB51-539600BB1B85}.Debug|Any CPU.Build.0 = Debug|Any CPU
		{82B1B817-C9BA-4FF2-BB51-539600BB1B85}.Release|Any CPU.ActiveCfg = Release|Any CPU
		{82B1B817-C9BA-4FF2-BB51-539600BB1B85}.Release|Any CPU.Build.0 = Release|Any CPU
	EndGlobalSection
	GlobalSection(SolutionProperties) = preSolution
		HideSolutionNode = FALSE
	EndGlobalSection
EndGlobal
